<?xml version="1.0" encoding="utf-8"?>
<Project ToolsVersion="4.0" xmlns="http://schemas.microsoft.com/developer/msbuild/2003">
  <ItemGroup>
    <Filter Include="源文件">
      <UniqueIdentifier>{4FC737F1-C7A5-4376-A066-2A32D752A2FF}</UniqueIdentifier>
      <Extensions>cpp;c;cc;cxx;def;odl;idl;hpj;bat;asm;asmx</Extensions>
    </Filter>
    <Filter Include="头文件">
      <UniqueIdentifier>{93995380-89BD-4b04-88EB-625FBE52EBFB}</UniqueIdentifier>
      <Extensions>h;hh;hpp;hxx;hm;inl;inc;xsd</Extensions>
    </Filter>
    <Filter Include="资源文件">
      <UniqueIdentifier>{67DA6AB6-F800-4c08-8B7A-83BB121AAD01}</UniqueIdentifier>
      <Extensions>rc;ico;cur;bmp;dlg;rc2;rct;bin;rgs;gif;jpg;jpeg;jpe;resx;tiff;tif;png;wav;mfcribbon-ms</Extensions>
    </Filter>
    <Filter Include="文件传输">
      <UniqueIdentifier>{c064724a-df77-4f61-b9e3-964e4214749f}</UniqueIdentifier>
    </Filter>
    <Filter Include="UDP消息">
      <UniqueIdentifier>{14afdd94-fd9c-47d6-84d0-5b1d0dca2818}</UniqueIdentifier>
    </Filter>
    <Filter Include="public">
      <UniqueIdentifier>{3ef74e8e-c952-44c8-8fab-9c0ab66b2928}</UniqueIdentifier>
    </Filter>
    <Filter Include="public\tinyxml">
      <UniqueIdentifier>{3d2140b4-c5b9-4291-a880-760f95a91d9d}</UniqueIdentifier>
    </Filter>
    <Filter Include="public\MD5">
      <UniqueIdentifier>{544d8507-4247-4c2f-b8c2-a55793041cc3}</UniqueIdentifier>
    </Filter>
  </ItemGroup>
  <ItemGroup>
    <Text Include="ReadMe.txt" />
  </ItemGroup>
  <ItemGroup>
    <ClInclude Include="stdafx.h">
      <Filter>头文件</Filter>
    </ClInclude>
    <ClInclude Include="targetver.h">
      <Filter>头文件</Filter>
    </ClInclude>
    <ClInclude Include="Resource.h">
      <Filter>头文件</Filter>
    </ClInclude>
    <ClInclude Include="UpdateServerDui.h">
      <Filter>头文件</Filter>
    </ClInclude>
    <ClInclude Include="UpdateServer.h">
      <Filter>头文件</Filter>
    </ClInclude>
    <ClInclude Include="GroupTalk.h">
      <Filter>UDP消息</Filter>
    </ClInclude>
    <ClInclude Include="InitSocket.h">
      <Filter>UDP消息</Filter>
    </ClInclude>
    <ClInclude Include="File64.h">
      <Filter>文件传输</Filter>
    </ClInclude>
    <ClInclude Include="FilesTransfer.h">
      <Filter>文件传输</Filter>
    </ClInclude>
    <ClInclude Include="PublicFunction.h">
      <Filter>public</Filter>
    </ClInclude>
    <ClInclude Include="tinystr.h">
      <Filter>public\tinyxml</Filter>
    </ClInclude>
    <ClInclude Include="tinyxml.h">
      <Filter>public\tinyxml</Filter>
    </ClInclude>
    <ClInclude Include="md5.h">
      <Filter>public\MD5</Filter>
    </ClInclude>
    <ClInclude Include="md5global.h">
      <Filter>public\MD5</Filter>
    </ClInclude>
  </ItemGroup>
  <ItemGroup>
    <ClCompile Include="stdafx.cpp">
      <Filter>源文件</Filter>
    </ClCompile>
    <ClCompile Include="UpdateServerDui.cpp">
      <Filter>源文件</Filter>
    </ClCompile>
    <ClCompile Include="UpdateServer.cpp">
      <Filter>源文件</Filter>
    </ClCompile>
    <ClCompile Include="GroupTalk.cpp">
      <Filter>UDP消息</Filter>
    </ClCompile>
    <ClCompile Include="InitSocket.cpp">
      <Filter>UDP消息</Filter>
    </ClCompile>
    <ClCompile Include="File64.cpp">
      <Filter>文件传输</Filter>
    </ClCompile>
    <ClCompile Include="FilesTransfer.cpp">
      <Filter>文件传输</Filter>
    </ClCompile>
    <ClCompile Include="PublicFunction.cpp">
      <Filter>public</Filter>
    </ClCompile>
    <ClCompile Include="tinystr.cpp">
      <Filter>public\tinyxml</Filter>
    </ClCompile>
    <ClCompile Include="tinyxml.cpp">
      <Filter>public\tinyxml</Filter>
    </ClCompile>
    <ClCompile Include="tinyxmlerror.cpp">
      <Filter>public\tinyxml</Filter>
    </ClCompile>
    <ClCompile Include="tinyxmlparser.cpp">
      <Filter>public\tinyxml</Filter>
    </ClCompile>
    <ClCompile Include="md5.cpp">
      <Filter>public\MD5</Filter>
    </ClCompile>
  </ItemGroup>
  <ItemGroup>
    <ResourceCompile Include="UpdateServerDui.rc">
      <Filter>资源文件</Filter>
    </ResourceCompile>
  </ItemGroup>
  <ItemGroup>
    <Image Include="small.ico">
      <Filter>资源文件</Filter>
    </Image>
    <Image Include="UpdateServerDui.ico">
      <Filter>资源文件</Filter>
    </Image>
  </ItemGroup>
</Project>